PODS:
  - Flutter (1.0.0)
  - permission_handler_apple (9.3.0):
    - Flutter
  - photos_native (0.0.1):
    - Flutter

DEPENDENCIES:
  - Flutter (from `Flutter`)
  - permission_handler_apple (from `.symlinks/plugins/permission_handler_apple/ios`)
  - photos_native (from `.symlinks/plugins/photos_native/ios`)

EXTERNAL SOURCES:
  Flutter:
    :path: Flutter
  permission_handler_apple:
    :path: ".symlinks/plugins/permission_handler_apple/ios"
  photos_native:
    :path: ".symlinks/plugins/photos_native/ios"

SPEC CHECKSUMS:
  Flutter: cabc95a1d2626b1b06e7179b784ebcf0c0cde467
  permission_handler_apple: 4ed2196e43d0651e8ff7ca3483a069d469701f2d
  photos_native: 74bc96673ded36f2215fb5113257f6f3148c34b7

PODFILE CHECKSUM: 2e278bc447e3dd7c3b126ee8c61d07e0aee336c3

COCOAPODS: 1.16.2
